
Microsoft Visual Studio Solution File, Format Version 12.00
# Visual Studio 15
VisualStudioVersion = 15.0.28307.168
MinimumVisualStudioVersion = 10.0.40219.1
Project("{FAE04EC0-301F-11D3-BF4B-00C04F79EFBC}") = "KafejkaInternetowa", "KafejkaInternetowa\KafejkaInternetowa.csproj", "{9541E7B6-C851-49C5-B7DB-5B52B156BBD8}"
EndProject
Project("{FAE04EC0-301F-11D3-BF4B-00C04F79EFBC}") = "KafejkaInternetowa.Klient", "KafejkaInternetowa.Klient\KafejkaInternetowa.Klient.csproj", "{1A52538F-EE18-4FF3-9887-1A3E151699C5}"
EndProject
Project("{FAE04EC0-301F-11D3-BF4B-00C04F79EFBC}") = "KafejkaInternetowa.Utils", "KafejkaInternetowa.Utils\KafejkaInternetowa.Utils.csproj", "{01C1E766-BA88-402D-B7E2-4479A7E686B3}"
EndProject
Project("{FAE04EC0-301F-11D3-BF4B-00C04F79EFBC}") = "KafejkaInternetowa.LicenceGenerator", "KafejkaInternetowa.LicenceGenerator\KafejkaInternetowa.LicenceGenerator.csproj", "{1D4F33E5-FC1F-4912-92EC-60B644D26C11}"
EndProject
Global
	GlobalSection(SolutionConfigurationPlatforms) = preSolution
		Debug|Any CPU = Debug|Any CPU
		Release|Any CPU = Release|Any CPU
	EndGlobalSection
	GlobalSection(ProjectConfigurationPlatforms) = postSolution
		{9541E7B6-C851-49C5-B7DB-5B52B156BBD8}.Debug|Any CPU.ActiveCfg = Debug|Any CPU
		{9541E7B6-C851-49C5-B7DB-5B52B156BBD8}.Debug|Any CPU.Build.0 = Debug|Any CPU
		{9541E7B6-C851-49C5-B7DB-5B52B156BBD8}.Release|Any CPU.ActiveCfg = Release|Any CPU
		{9541E7B6-C851-49C5-B7DB-5B52B156BBD8}.Release|Any CPU.Build.0 = Release|Any CPU
		{1A52538F-EE18-4FF3-9887-1A3E151699C5}.Debug|Any CPU.ActiveCfg = Debug|Any CPU
		{1A52538F-EE18-4FF3-9887-1A3E151699C5}.Debug|Any CPU.Build.0 = Debug|Any CPU
		{1A52538F-EE18-4FF3-9887-1A3E151699C5}.Release|Any CPU.ActiveCfg = Release|Any CPU
		{1A52538F-EE18-4FF3-9887-1A3E151699C5}.Release|Any CPU.Build.0 = Release|Any CPU
		{01C1E766-BA88-402D-B7E2-4479A7E686B3}.Debug|Any CPU.ActiveCfg = Debug|Any CPU
		{01C1E766-BA88-402D-B7E2-4479A7E686B3}.Debug|Any CPU.Build.0 = Debug|Any CPU
		{01C1E766-BA88-402D-B7E2-4479A7E686B3}.Release|Any CPU.ActiveCfg = Release|Any CPU
		{01C1E766-BA88-402D-B7E2-4479A7E686B3}.Release|Any CPU.Build.0 = Release|Any CPU
		{1D4F33E5-FC1F-4912-92EC-60B644D26C11}.Debug|Any CPU.ActiveCfg = Debug|Any CPU
		{1D4F33E5-FC1F-4912-92EC-60B644D26C11}.Debug|Any CPU.Build.0 = Debug|Any CPU
		{1D4F33E5-FC1F-4912-92EC-60B644D26C11}.Release|Any CPU.ActiveCfg = Release|Any CPU
		{1D4F33E5-FC1F-4912-92EC-60B644D26C11}.Release|Any CPU.Build.0 = Release|Any CPU
	EndGlobalSection
	GlobalSection(SolutionProperties) = preSolution
		HideSolutionNode = FALSE
	EndGlobalSection
	GlobalSection(ExtensibilityGlobals) = postSolution
		SolutionGuid = {7D2756E6-E833-462B-AC7A-F764553014F0}
	EndGlobalSection
EndGlobal
